
Microsoft Visual Studio Solution File, Format Version 12.00
# Visual Studio Version 17
VisualStudioVersion = 17.8.34330.188
MinimumVisualStudioVersion = 10.0.40219.1
Project("{FAE04EC0-301F-11D3-BF4B-00C04F79EFBC}") = "213002-Assignment06-Act2", "213002-Assignment06-Act2.csproj", "{F807D254-D886-47A0-9525-61CA3928F817}"
EndProject
Global
	GlobalSection(SolutionConfigurationPlatforms) = preSolution
		Debug|Any CPU = Debug|Any CPU
		Release|Any CPU = Release|Any CPU
	EndGlobalSection
	GlobalSection(ProjectConfigurationPlatforms) = postSolution
		{F807D254-D886-47A0-9525-61CA3928F817}.Debug|Any CPU.ActiveCfg = Debug|Any CPU
		{F807D254-D886-47A0-9525-61CA3928F817}.Debug|Any CPU.Build.0 = Debug|Any CPU
		{F807D254-D886-47A0-9525-61CA3928F817}.Release|Any CPU.ActiveCfg = Release|Any CPU
		{F807D254-D886-47A0-9525-61CA3928F817}.Release|Any CPU.Build.0 = Release|Any CPU
	EndGlobalSection
	GlobalSection(SolutionProperties) = preSolution
		HideSolutionNode = FALSE
	EndGlobalSection
	GlobalSection(ExtensibilityGlobals) = postSolution
		SolutionGuid = {11F74259-CEAE-44C1-9F12-431F8CF1DA34}
	EndGlobalSection
EndGlobal
